[[package]]
category = "main"
description = "NATS client for Python Asyncio"
name = "asyncio-nats-client"
optional = false
python-versions = "*"
version = "0.10.0"

[package.extras]
nkeys = ["nkeys"]

[metadata]
content-hash = "5678572e517161a74f6a01fdd91355a7d7848782aa6dce64edf335f983c1625f"
python-versions = "^3.6.1"

[metadata.files]
asyncio-nats-client = [
    {file = "asyncio-nats-client-0.10.0.tar.gz", hash = "sha256:9ff7e3a386bcb49851062bc9f43c26d6ab9079e22014de946ccec7da570b445f"},
]
