[[package]]
category = "main"
description = "NATS client for Python Asyncio"
name = "asyncio-nats-client"
optional = false
python-versions = "*"
version = "0.10.0"

[package.extras]
nkeys = ["nkeys"]

[metadata]
content-hash = "a7967c630ab5cbe548268d9daa640cbb9d65a61746b9992c9c80f0e6a65d07f3"
python-versions = "^3.7"

[metadata.files]
asyncio-nats-client = [
    {file = "asyncio-nats-client-0.10.0.tar.gz", hash = "sha256:9ff7e3a386bcb49851062bc9f43c26d6ab9079e22014de946ccec7da570b445f"},
]
